
Microsoft Visual Studio Solution File, Format Version 12.00
# Visual Studio 15
Project("{FAE04EC0-301F-11D3-BF4B-00C04F79EFBC}") = "Assembly-CSharp", "Assembly-CSharp.csproj", "{FEC7A842-C408-A3C3-E63B-A8E14AA504AF}"
EndProject
Global
	GlobalSection(SolutionConfigurationPlatforms) = preSolution
		Debug|Any CPU = Debug|Any CPU
		Release|Any CPU = Release|Any CPU
	EndGlobalSection
	GlobalSection(ProjectConfigurationPlatforms) = postSolution
		{FEC7A842-C408-A3C3-E63B-A8E14AA504AF}.Debug|Any CPU.ActiveCfg = Debug|Any CPU
		{FEC7A842-C408-A3C3-E63B-A8E14AA504AF}.Debug|Any CPU.Build.0 = Debug|Any CPU
		{FEC7A842-C408-A3C3-E63B-A8E14AA504AF}.Release|Any CPU.ActiveCfg = Release|Any CPU
		{FEC7A842-C408-A3C3-E63B-A8E14AA504AF}.Release|Any CPU.Build.0 = Release|Any CPU
	EndGlobalSection
	GlobalSection(SolutionProperties) = preSolution
		HideSolutionNode = FALSE
	EndGlobalSection
EndGlobal
